
Microsoft Visual Studio Solution File, Format Version 12.00
# Visual Studio 14
VisualStudioVersion = 14.0.25420.1
MinimumVisualStudioVersion = 10.0.40219.1
Project("{FAE04EC0-301F-11D3-BF4B-00C04F79EFBC}") = "BinhMinhShop.Common", "BinhMinhShop.Common\BinhMinhShop.Common.csproj", "{C23D7FA4-D065-4939-B7EB-91D6262B45D9}"
EndProject
Project("{FAE04EC0-301F-11D3-BF4B-00C04F79EFBC}") = "BinhMinhShop.Model", "BinhMinhShop.Model\BinhMinhShop.Model.csproj", "{7C8FE78E-E675-443E-A525-DCCBF120A072}"
EndProject
Project("{FAE04EC0-301F-11D3-BF4B-00C04F79EFBC}") = "BinhMinhShop.Data", "BinhMinhShop.Data\BinhMinhShop.Data.csproj", "{6AE6E1B7-19A1-4D32-BD0F-5387E3F9EA88}"
EndProject
Project("{FAE04EC0-301F-11D3-BF4B-00C04F79EFBC}") = "BinhMinhShop.Service", "BinhMinhShop.Service\BinhMinhShop.Service.csproj", "{21FDFA78-7A58-425C-9B4E-1B593BDFF65F}"
EndProject
Project("{FAE04EC0-301F-11D3-BF4B-00C04F79EFBC}") = "BinhMinhShop.UnitTest", "BinhMinhShop.UnitTest\BinhMinhShop.UnitTest.csproj", "{74557314-F171-421B-8D19-A57364EE7E1E}"
EndProject
Project("{FAE04EC0-301F-11D3-BF4B-00C04F79EFBC}") = "BinhMinhShop.Web", "BinhMinhShop.Web\BinhMinhShop.Web.csproj", "{827F0F9D-1F14-4819-96C6-CD044610F9FD}"
EndProject
Global
	GlobalSection(SolutionConfigurationPlatforms) = preSolution
		Debug|Any CPU = Debug|Any CPU
		Release|Any CPU = Release|Any CPU
	EndGlobalSection
	GlobalSection(ProjectConfigurationPlatforms) = postSolution
		{C23D7FA4-D065-4939-B7EB-91D6262B45D9}.Debug|Any CPU.ActiveCfg = Debug|Any CPU
		{C23D7FA4-D065-4939-B7EB-91D6262B45D9}.Debug|Any CPU.Build.0 = Debug|Any CPU
		{C23D7FA4-D065-4939-B7EB-91D6262B45D9}.Release|Any CPU.ActiveCfg = Release|Any CPU
		{C23D7FA4-D065-4939-B7EB-91D6262B45D9}.Release|Any CPU.Build.0 = Release|Any CPU
		{7C8FE78E-E675-443E-A525-DCCBF120A072}.Debug|Any CPU.ActiveCfg = Debug|Any CPU
		{7C8FE78E-E675-443E-A525-DCCBF120A072}.Debug|Any CPU.Build.0 = Debug|Any CPU
		{7C8FE78E-E675-443E-A525-DCCBF120A072}.Release|Any CPU.ActiveCfg = Release|Any CPU
		{7C8FE78E-E675-443E-A525-DCCBF120A072}.Release|Any CPU.Build.0 = Release|Any CPU
		{6AE6E1B7-19A1-4D32-BD0F-5387E3F9EA88}.Debug|Any CPU.ActiveCfg = Debug|Any CPU
		{6AE6E1B7-19A1-4D32-BD0F-5387E3F9EA88}.Debug|Any CPU.Build.0 = Debug|Any CPU
		{6AE6E1B7-19A1-4D32-BD0F-5387E3F9EA88}.Release|Any CPU.ActiveCfg = Release|Any CPU
		{6AE6E1B7-19A1-4D32-BD0F-5387E3F9EA88}.Release|Any CPU.Build.0 = Release|Any CPU
		{21FDFA78-7A58-425C-9B4E-1B593BDFF65F}.Debug|Any CPU.ActiveCfg = Debug|Any CPU
		{21FDFA78-7A58-425C-9B4E-1B593BDFF65F}.Debug|Any CPU.Build.0 = Debug|Any CPU
		{21FDFA78-7A58-425C-9B4E-1B593BDFF65F}.Release|Any CPU.ActiveCfg = Release|Any CPU
		{21FDFA78-7A58-425C-9B4E-1B593BDFF65F}.Release|Any CPU.Build.0 = Release|Any CPU
		{74557314-F171-421B-8D19-A57364EE7E1E}.Debug|Any CPU.ActiveCfg = Debug|Any CPU
		{74557314-F171-421B-8D19-A57364EE7E1E}.Debug|Any CPU.Build.0 = Debug|Any CPU
		{74557314-F171-421B-8D19-A57364EE7E1E}.Release|Any CPU.ActiveCfg = Release|Any CPU
		{74557314-F171-421B-8D19-A57364EE7E1E}.Release|Any CPU.Build.0 = Release|Any CPU
		{827F0F9D-1F14-4819-96C6-CD044610F9FD}.Debug|Any CPU.ActiveCfg = Debug|Any CPU
		{827F0F9D-1F14-4819-96C6-CD044610F9FD}.Debug|Any CPU.Build.0 = Debug|Any CPU
		{827F0F9D-1F14-4819-96C6-CD044610F9FD}.Release|Any CPU.ActiveCfg = Release|Any CPU
		{827F0F9D-1F14-4819-96C6-CD044610F9FD}.Release|Any CPU.Build.0 = Release|Any CPU
	EndGlobalSection
	GlobalSection(SolutionProperties) = preSolution
		HideSolutionNode = FALSE
	EndGlobalSection
EndGlobal
